github.com/go-jwdk/jobworker v0.2.0 h1:HZu5Z68C2+GUzP1ezEF5w44c3uxoqh5MIMn2wkj8jGc=
github.com/go-jwdk/jobworker v0.2.0/go.mod h1:h2BwDxld0GGmJDXyrnCKPKsNQbLubm4v9bcQ2vXCnp8=
github.com/go-stomp/stomp v2.0.3+incompatible/go.mod h1:VqCtqNZv1226A1/79yh+rMiFUcfY3R109np+7ke4n0c=
github.com/kr/pretty v0.2.0/go.mod h1:ipq/a2n7PKx3OHsz4KJII5eveXtPO4qwEXGdVfWzfnI=
github.com/kr/pty v1.1.1/go.mod h1:pFQYn66WHrOpPYNljwOMqo10TkYh1fy3cYio2l3bCsQ=
github.com/kr/text v0.1.0/go.mod h1:4Jbv+DJW3UT/LiOwJeYQe1efqtUx/iVham/4vfdArNI=
github.com/satori/go.uuid v1.2.0/go.mod h1:dA0hQrYB0VpLJoorglMZABFdXlWrHn1NEOzdhQKdks0=
github.com/vvatanabe/goretryer v0.1.0 h1:58hEVarureY1nMB9Z1wVNthdnF+e+GfT8fhaaRQAGYg=
github.com/vvatanabe/goretryer v0.1.0/go.mod h1:pdYBgjkQKXCGIygSNT/uPJA+MSZnCiE61hzDVC9KENM=
gopkg.in/check.v1 v1.0.0-20190902080502-41f04d3bba15/go.mod h1:Co6ibVJAznAaIkqp8huTwlJQCZ016jof/cbN4VW5Yz0=
